<?xml version="1.0" encoding="utf-8"?>
<Project ToolsVersion="4.0" xmlns="http://schemas.microsoft.com/developer/msbuild/2003">
  <ItemGroup>
    <Filter Include="PhysMeme">
      <UniqueIdentifier>{9cddfa9e-5845-4d36-8439-e2a93d4881f1}</UniqueIdentifier>
    </Filter>
    <Filter Include="Source">
      <UniqueIdentifier>{4FC737F1-C7A5-4376-A066-2A32D752A2FF}</UniqueIdentifier>
      <Extensions>cpp;c;cc;cxx;def;odl;idl;hpj;bat;asm;asmx</Extensions>
    </Filter>
    <Filter Include="Header">
      <UniqueIdentifier>{93995380-89BD-4b04-88EB-625FBE52EBFB}</UniqueIdentifier>
      <Extensions>h;hh;hpp;hxx;hm;inl;inc;ipp;xsd</Extensions>
    </Filter>
  </ItemGroup>
  <ItemGroup>
    <ClInclude Include="PhysMeme\Driver.hpp">
      <Filter>PhysMeme</Filter>
    </ClInclude>
    <ClInclude Include="PhysMeme\KProcessHacker.hpp">
      <Filter>PhysMeme</Filter>
    </ClInclude>
    <ClInclude Include="PhysMeme\PhysMeme.hpp">
      <Filter>PhysMeme</Filter>
    </ClInclude>
    <ClInclude Include="PhysMeme\Tools.hpp">
      <Filter>PhysMeme</Filter>
    </ClInclude>
    <ClInclude Include="PhysicalMemory.h">
      <Filter>Header</Filter>
    </ClInclude>
    <ClInclude Include="HookProcCallBack.h">
      <Filter>Header</Filter>
    </ClInclude>
    <ClInclude Include="QueryModule.h">
      <Filter>Header</Filter>
    </ClInclude>
    <ClInclude Include="enum.h">
      <Filter>Header</Filter>
    </ClInclude>
  </ItemGroup>
  <ItemGroup>
    <ClCompile Include="Main.cpp">
      <Filter>Source</Filter>
    </ClCompile>
    <ClCompile Include="PhysicalMemory.cpp">
      <Filter>Source</Filter>
    </ClCompile>
    <ClCompile Include="PhysMemHandle.cpp">
      <Filter>Source</Filter>
    </ClCompile>
    <ClCompile Include="HookProcCallBack.cpp">
      <Filter>Source</Filter>
    </ClCompile>
    <ClCompile Include="QueryModule.cpp">
      <Filter>Source</Filter>
    </ClCompile>
  </ItemGroup>
</Project>